// !$*UTF8*$!
{
	archiveVersion = 1;
	classes = {
	};
	objectVersion = 46;
	objects = {

/* Begin PBXBuildFile section */
		FAA5004D1BCDAF2F00E3E17C /* AppDelegate.swift in Sources */ = {isa = PBXBuildFile; fileRef = FAA5004C1BCDAF2F00E3E17C /* AppDelegate.swift */; };
		FAA5004F1BCDAF2F00E3E17C /* ViewController.swift in Sources */ = {isa = PBXBuildFile; fileRef = FAA5004E1BCDAF2F00E3E17C /* ViewController.swift */; };
		FAA500521BCDAF2F00E3E17C /* Main.storyboard in Resources */ = {isa = PBXBuildFile; fileRef = FAA500501BCDAF2F00E3E17C /* Main.storyboard */; };
		FAA500541BCDAF2F00E3E17C /* Assets.xcassets in Resources */ = {isa = PBXBuildFile; fileRef = FAA500531BCDAF2F00E3E17C /* Assets.xcassets */; };
		FAA500571BCDAF2F00E3E17C /* LaunchScreen.storyboard in Resources */ = {isa = PBXBuildFile; fileRef = FAA500551BCDAF2F00E3E17C /* LaunchScreen.storyboard */; };
/* End PBXBuildFile section */

/* Begin PBXFileReference section */
		FAA500491BCDAF2F00E3E17C /* TakePhotoAfterSessionStart.app */ = {isa = PBXFileReference; explicitFileType = wrapper.application; includeInIndex = 0; path = TakePhotoAfterSessionStart.app; sourceTree = BUILT_PRODUCTS_DIR; };
		FAA5004C1BCDAF2F00E3E17C /* AppDelegate.swift */ = {isa = PBXFileReference; lastKnownFileType = sourcecode.swift; path = AppDelegate.swift; sourceTree = "<group>"; };
		FAA5004E1BCDAF2F00E3E17C /* ViewController.swift */ = {isa = PBXFileReference; lastKnownFileType = sourcecode.swift; path = ViewController.swift; sourceTree = "<group>"; };
		FAA500511BCDAF2F00E3E17C /* Base */ = {isa = PBXFileReference; lastKnownFileType = file.storyboard; name = Base; path = Base.lproj/Main.storyboard; sourceTree = "<group>"; };
		FAA500531BCDAF2F00E3E17C /* Assets.xcassets */ = {isa = PBXFileReference; lastKnownFileType = folder.assetcatalog; path = Assets.xcassets; sourceTree = "<group>"; };
		FAA500561BCDAF2F00E3E17C /* Base */ = {isa = PBXFileReference; lastKnownFileType = file.storyboard; name = Base; path = Base.lproj/LaunchScreen.storyboard; sourceTree = "<group>"; };
		FAA500581BCDAF2F00E3E17C /* Info.plist */ = {isa = PBXFileReference; lastKnownFileType = text.plist.xml; path = Info.plist; sourceTree = "<group>"; };
/* End PBXFileReference section */

/* Begin PBXFrameworksBuildPhase section */
		FAA500461BCDAF2F00E3E17C /* Frameworks */ = {
			isa = PBXFrameworksBuildPhase;
			buildActionMask = 2147483647;
			files = (
			);
			runOnlyForDeploymentPostprocessing = 0;
		};
/* End PBXFrameworksBuildPhase section */

/* Begin PBXGroup section */
		FAA500401BCDAF2F00E3E17C = {
			isa = PBXGroup;
			children = (
				FAA5004B1BCDAF2F00E3E17C /* TakePhotoAfterSessionStart */,
				FAA5004A1BCDAF2F00E3E17C /* Products */,
			);
			sourceTree = "<group>";
		};
		FAA5004A1BCDAF2F00E3E17C /* Products */ = {
			isa = PBXGroup;
			children = (
				FAA500491BCDAF2F00E3E17C /* TakePhotoAfterSessionStart.app */,
			);
			name = Products;
			sourceTree = "<group>";
		};
		FAA5004B1BCDAF2F00E3E17C /* TakePhotoAfterSessionStart */ = {
			isa = PBXGroup;
			children = (
				FAA5004C1BCDAF2F00E3E17C /* AppDelegate.swift */,
				FAA5004E1BCDAF2F00E3E17C /* ViewController.swift */,
				FAA500501BCDAF2F00E3E17C /* Main.storyboard */,
				FAA500531BCDAF2F00E3E17C /* Assets.xcassets */,
				FAA500551BCDAF2F00E3E17C /* LaunchScreen.storyboard */,
				FAA500581BCDAF2F00E3E17C /* Info.plist */,
			);
			path = TakePhotoAfterSessionStart;
			sourceTree = "<group>";
		};
/* End PBXGroup section */

/* Begin PBXNativeTarget section */
		FAA500481BCDAF2F00E3E17C /* TakePhotoAfterSessionStart */ = {
			isa = PBXNativeTarget;
			buildConfigurationList = FAA5005B1BCDAF2F00E3E17C /* Build configuration list for PBXNativeTarget "TakePhotoAfterSessionStart" */;
			buildPhases = (
				FAA500451BCDAF2F00E3E17C /* Sources */,
				FAA500461BCDAF2F00E3E17C /* Frameworks */,
				FAA500471BCDAF2F00E3E17C /* Resources */,
			);
			buildRules = (
			);
			dependencies = (
			);
			name = TakePhotoAfterSessionStart;
			productName = TakePhotoAfterSessionStart;
			productReference = FAA500491BCDAF2F00E3E17C /* TakePhotoAfterSessionStart.app */;
			productType = "com.apple.product-type.application";
		};
/* End PBXNativeTarget section */

/* Begin PBXProject section */
		FAA500411BCDAF2F00E3E17C /* Project object */ = {
			isa = PBXProject;
			attributes = {
				LastUpgradeCheck = 0700;
				ORGANIZATIONNAME = "Grigory Ptashko";
				TargetAttributes = {
					FAA500481BCDAF2F00E3E17C = {
						CreatedOnToolsVersion = 7.0.1;
					};
				};
			};
			buildConfigurationList = FAA500441BCDAF2F00E3E17C /* Build configuration list for PBXProject "TakePhotoAfterSessionStart" */;
			compatibilityVersion = "Xcode 3.2";
			developmentRegion = English;
			hasScannedForEncodings = 0;
			knownRegions = (
				en,
				Base,
			);
			mainGroup = FAA500401BCDAF2F00E3E17C;
			productRefGroup = FAA5004A1BCDAF2F00E3E17C /* Products */;
			projectDirPath = "";
			projectRoot = "";
			targets = (
				FAA500481BCDAF2F00E3E17C /* TakePhotoAfterSessionStart */,
			);
		};
/* End PBXProject section */

/* Begin PBXResourcesBuildPhase section */
		FAA500471BCDAF2F00E3E17C /* Resources */ = {
			isa = PBXResourcesBuildPhase;
			buildActionMask = 2147483647;
			files = (
				FAA500571BCDAF2F00E3E17C /* LaunchScreen.storyboard in Resources */,
				FAA500541BCDAF2F00E3E17C /* Assets.xcassets in Resources */,
				FAA500521BCDAF2F00E3E17C /* Main.storyboard in Resources */,
			);
			runOnlyForDeploymentPostprocessing = 0;
		};
/* End PBXResourcesBuildPhase section */

/* Begin PBXSourcesBuildPhase section */
		FAA500451BCDAF2F00E3E17C /* Sources */ = {
			isa = PBXSourcesBuildPhase;
			buildActionMask = 2147483647;
			files = (
				FAA5004F1BCDAF2F00E3E17C /* ViewController.swift in Sources */,
				FAA5004D1BCDAF2F00E3E17C /* AppDelegate.swift in Sources */,
			);
			runOnlyForDeploymentPostprocessing = 0;
		};
/* End PBXSourcesBuildPhase section */

/* Begin PBXVariantGroup section */
		FAA500501BCDAF2F00E3E17C /* Main.storyboard */ = {
			isa = PBXVariantGroup;
			children = (
				FAA500511BCDAF2F00E3E17C /* Base */,
			);
			name = Main.storyboard;
			sourceTree = "<group>";
		};
		FAA500551BCDAF2F00E3E17C /* LaunchScreen.storyboard */ = {
			isa = PBXVariantGroup;
			children = (
				FAA500561BCDAF2F00E3E17C /* Base */,
			);
			name = LaunchScreen.storyboard;
			sourceTree = "<group>";
		};
/* End PBXVariantGroup section */

/* Begin XCBuildConfiguration section */
		FAA500591BCDAF2F00E3E17C /* Debug */ = {
			isa = XCBuildConfiguration;
			buildSettings = {
				ALWAYS_SEARCH_USER_PATHS = NO;
				CLANG_CXX_LANGUAGE_STANDARD = "gnu++0x";
				CLANG_CXX_LIBRARY = "libc++";
				CLANG_ENABLE_MODULES = YES;
				CLANG_ENABLE_OBJC_ARC = YES;
				CLANG_WARN_BOOL_CONVERSION = YES;
				CLANG_WARN_CONSTANT_CONVERSION = YES;
				CLANG_WARN_DIRECT_OBJC_ISA_USAGE = YES_ERROR;
				CLANG_WARN_EMPTY_BODY = YES;
				CLANG_WARN_ENUM_CONVERSION = YES;
				CLANG_WARN_INT_CONVERSION = YES;
				CLANG_WARN_OBJC_ROOT_CLASS = YES_ERROR;
				CLANG_WARN_UNREACHABLE_CODE = YES;
				CLANG_WARN__DUPLICATE_METHOD_MATCH = YES;
				"CODE_SIGN_IDENTITY[sdk=iphoneos*]" = "iPhone Developer";
				COPY_PHASE_STRIP = NO;
				DEBUG_INFORMATION_FORMAT = dwarf;
				ENABLE_STRICT_OBJC_MSGSEND = YES;
				ENABLE_TESTABILITY = YES;
				GCC_C_LANGUAGE_STANDARD = gnu99;
				GCC_DYNAMIC_NO_PIC = NO;
				GCC_NO_COMMON_BLOCKS = YES;
				GCC_OPTIMIZATION_LEVEL = 0;
				GCC_PREPROCESSOR_DEFINITIONS = (
					"DEBUG=1",
					"$(inherited)",
				);
				GCC_WARN_64_TO_32_BIT_CONVERSION = YES;
				GCC_WARN_ABOUT_RETURN_TYPE = YES_ERROR;
				GCC_WARN_UNDECLARED_SELECTOR = YES;
				GCC_WARN_UNINITIALIZED_AUTOS = YES_AGGRESSIVE;
				GCC_WARN_UNUSED_FUNCTION = YES;
				GCC_WARN_UNUSED_VARIABLE = YES;
				IPHONEOS_DEPLOYMENT_TARGET = 9.0;
				MTL_ENABLE_DEBUG_INFO = YES;
				ONLY_ACTIVE_ARCH = YES;
				SDKROOT = iphoneos;
				SWIFT_OPTIMIZATION_LEVEL = "-Onone";
			};
			name = Debug;
		};
		FAA5005A1BCDAF2F00E3E17C /* Release */ = {
			isa = XCBuildConfiguration;
			buildSettings = {
				ALWAYS_SEARCH_USER_PATHS = NO;
				CLANG_CXX_LANGUAGE_STANDARD = "gnu++0x";
				CLANG_CXX_LIBRARY = "libc++";
				CLANG_ENABLE_MODULES = YES;
				CLANG_ENABLE_OBJC_ARC = YES;
				CLANG_WARN_BOOL_CONVERSION = YES;
				CLANG_WARN_CONSTANT_CONVERSION = YES;
				CLANG_WARN_DIRECT_OBJC_ISA_USAGE = YES_ERROR;
				CLANG_WARN_EMPTY_BODY = YES;
				CLANG_WARN_ENUM_CONVERSION = YES;
				CLANG_WARN_INT_CONVERSION = YES;
				CLANG_WARN_OBJC_ROOT_CLASS = YES_ERROR;
				CLANG_WARN_UNREACHABLE_CODE = YES;
				CLANG_WARN__DUPLICATE_METHOD_MATCH = YES;
				"CODE_SIGN_IDENTITY[sdk=iphoneos*]" = "iPhone Developer";
				COPY_PHASE_STRIP = NO;
				DEBUG_INFORMATION_FORMAT = "dwarf-with-dsym";
				ENABLE_NS_ASSERTIONS = NO;
				ENABLE_STRICT_OBJC_MSGSEND = YES;
				GCC_C_LANGUAGE_STANDARD = gnu99;
				GCC_NO_COMMON_BLOCKS = YES;
				GCC_WARN_64_TO_32_BIT_CONVERSION = YES;
				GCC_WARN_ABOUT_RETURN_TYPE = YES_ERROR;
				GCC_WARN_UNDECLARED_SELECTOR = YES;
				GCC_WARN_UNINITIALIZED_AUTOS = YES_AGGRESSIVE;
				GCC_WARN_UNUSED_FUNCTION = YES;
				GCC_WARN_UNUSED_VARIABLE = YES;
				IPHONEOS_DEPLOYMENT_TARGET = 9.0;
				MTL_ENABLE_DEBUG_INFO = NO;
				SDKROOT = iphoneos;
				VALIDATE_PRODUCT = YES;
			};
			name = Release;
		};
		FAA5005C1BCDAF2F00E3E17C /* Debug */ = {
			isa = XCBuildConfiguration;
			buildSettings = {
				ASSETCATALOG_COMPILER_APPICON_NAME = AppIcon;
				INFOPLIST_FILE = TakePhotoAfterSessionStart/Info.plist;
				LD_RUNPATH_SEARCH_PATHS = "$(inherited) @executable_path/Frameworks";
				PRODUCT_BUNDLE_IDENTIFIER = gpt.TakePhotoAfterSessionStart;
				PRODUCT_NAME = "$(TARGET_NAME)";
			};
			name = Debug;
		};
		FAA5005D1BCDAF2F00E3E17C /* Release */ = {
			isa = XCBuildConfiguration;
			buildSettings = {
				ASSETCATALOG_COMPILER_APPICON_NAME = AppIcon;
				INFOPLIST_FILE = TakePhotoAfterSessionStart/Info.plist;
				LD_RUNPATH_SEARCH_PATHS = "$(inherited) @executable_path/Frameworks";
				PRODUCT_BUNDLE_IDENTIFIER = gpt.TakePhotoAfterSessionStart;
				PRODUCT_NAME = "$(TARGET_NAME)";
			};
			name = Release;
		};
/* End XCBuildConfiguration section */

/* Begin XCConfigurationList section */
		FAA500441BCDAF2F00E3E17C /* Build configuration list for PBXProject "TakePhotoAfterSessionStart" */ = {
			isa = XCConfigurationList;
			buildConfigurations = (
				FAA500591BCDAF2F00E3E17C /* Debug */,
				FAA5005A1BCDAF2F00E3E17C /* Release */,
			);
			defaultConfigurationIsVisible = 0;
			defaultConfigurationName = Release;
		};
		FAA5005B1BCDAF2F00E3E17C /* Build configuration list for PBXNativeTarget "TakePhotoAfterSessionStart" */ = {
			isa = XCConfigurationList;
			buildConfigurations = (
				FAA5005C1BCDAF2F00E3E17C /* Debug */,
				FAA5005D1BCDAF2F00E3E17C /* Release */,
			);
			defaultConfigurationIsVisible = 0;
		};
/* End XCConfigurationList section */
	};
	rootObject = FAA500411BCDAF2F00E3E17C /* Project object */;
}
